
Microsoft Visual Studio Solution File, Format Version 12.00
# Visual Studio 15
VisualStudioVersion = 15.0.27428.2037
MinimumVisualStudioVersion = 10.0.40219.1
Project("{FAE04EC0-301F-11D3-BF4B-00C04F79EFBC}") = "TestConvertor", "TestConvertor\TestConvertor.csproj", "{C57095B6-D184-46D1-BD3F-28B4846F72F2}"
EndProject
Project("{FAE04EC0-301F-11D3-BF4B-00C04F79EFBC}") = "UnitConvertor", "UnitConvertor\UnitConvertor.csproj", "{B45F60CB-A5D7-4EA4-BBAC-18B30BC433E4}"
EndProject
Global
	GlobalSection(SolutionConfigurationPlatforms) = preSolution
		Debug|Any CPU = Debug|Any CPU
		Release|Any CPU = Release|Any CPU
	EndGlobalSection
	GlobalSection(ProjectConfigurationPlatforms) = postSolution
		{C57095B6-D184-46D1-BD3F-28B4846F72F2}.Debug|Any CPU.ActiveCfg = Debug|Any CPU
		{C57095B6-D184-46D1-BD3F-28B4846F72F2}.Debug|Any CPU.Build.0 = Debug|Any CPU
		{C57095B6-D184-46D1-BD3F-28B4846F72F2}.Release|Any CPU.ActiveCfg = Release|Any CPU
		{C57095B6-D184-46D1-BD3F-28B4846F72F2}.Release|Any CPU.Build.0 = Release|Any CPU
		{B45F60CB-A5D7-4EA4-BBAC-18B30BC433E4}.Debug|Any CPU.ActiveCfg = Debug|Any CPU
		{B45F60CB-A5D7-4EA4-BBAC-18B30BC433E4}.Debug|Any CPU.Build.0 = Debug|Any CPU
		{B45F60CB-A5D7-4EA4-BBAC-18B30BC433E4}.Release|Any CPU.ActiveCfg = Release|Any CPU
		{B45F60CB-A5D7-4EA4-BBAC-18B30BC433E4}.Release|Any CPU.Build.0 = Release|Any CPU
	EndGlobalSection
	GlobalSection(SolutionProperties) = preSolution
		HideSolutionNode = FALSE
	EndGlobalSection
	GlobalSection(ExtensibilityGlobals) = postSolution
		SolutionGuid = {651F8F86-5F12-4D2E-8AD7-339D5AAA55A9}
	EndGlobalSection
EndGlobal
